{
  "nodes": {
    "darwin": {
      "inputs": {
        "nixpkgs": [
          "nixpkgs"
        ]
      },
      "locked": {
        "lastModified": 1634994402,
        "narHash": "sha256-xmlCVVOYGpZoxgOqsDOVF0B0ASrnbNGVAEzID9qh2xo=",
        "owner": "LnL7",
        "repo": "nix-darwin",
        "rev": "44da835ac40dab5fd231298b59d83487382d2fab",
        "type": "github"
      },
      "original": {
        "owner": "LnL7",
        "ref": "master",
        "repo": "nix-darwin",
        "type": "github"
      }
    },
    "darwin-stable": {
      "locked": {
        "lastModified": 1638542264,
        "narHash": "sha256-ffGt2bX/gBLpm1IGpdmAIAKXHHQpgpKuQALzVw8+dwg=",
        "owner": "NixOS",
        "repo": "nixpkgs",
        "rev": "c383928ee1bc6eaf051455f3dbcdb6835b096479",
        "type": "github"
      },
      "original": {
        "owner": "NixOS",
        "ref": "nixpkgs-21.05-darwin",
        "repo": "nixpkgs",
        "type": "github"
      }
    },
    "home-manager": {
      "inputs": {
        "nixpkgs": [
          "nixpkgs"
        ]
      },
      "locked": {
        "lastModified": 1638281721,
        "narHash": "sha256-d3vAVFG6zov9NwjSuYntBiD+I5KjJLwX09c7uAzbONI=",
        "owner": "nix-community",
        "repo": "home-manager",
        "rev": "7329ffc6e911106494183557fc249180d5422929",
        "type": "github"
      },
      "original": {
        "owner": "nix-community",
        "ref": "release-21.05",
        "repo": "home-manager",
        "type": "github"
      }
    },
    "nixos-stable": {
      "locked": {
        "lastModified": 1638452135,
        "narHash": "sha256-5Il6hgrTgcWIsB7zug0yDFccYXx7pJCw8cwJdXMuLfM=",
        "owner": "NixOS",
        "repo": "nixpkgs",
        "rev": "43cdc5b364511eabdcad9fde639777ffd9e5bab1",
        "type": "github"
      },
      "original": {
        "owner": "NixOS",
        "ref": "nixos-21.05",
        "repo": "nixpkgs",
        "type": "github"
      }
    },
    "nixpkgs": {
      "locked": {
        "lastModified": 1638376152,
        "narHash": "sha256-ucgLpVqhFnClH7YRUHBHnmiOd82RZdFR3XJt36ks5fE=",
        "owner": "NixOS",
        "repo": "nixpkgs",
        "rev": "6daa4a5c045d40e6eae60a3b6e427e8700f1c07f",
        "type": "github"
      },
      "original": {
        "owner": "NixOS",
        "ref": "nixos-unstable",
        "repo": "nixpkgs",
        "type": "github"
      }
    },
    "root": {
      "inputs": {
        "darwin": "darwin",
        "darwin-stable": "darwin-stable",
        "home-manager": "home-manager",
        "nixos-stable": "nixos-stable",
        "nixpkgs": "nixpkgs"
      }
    }
  },
  "root": "root",
  "version": 7
}
