{
  "nodes": {
    "darwin": {
      "inputs": {
        "nixpkgs": [
          "nixpkgs"
        ]
      },
      "locked": {
        "lastModified": 1650976225,
        "narHash": "sha256-PGM65SQHS63Dd5MmLJo3GJsZP9lJVZmpWxluQoG1Dt8=",
        "owner": "LnL7",
        "repo": "nix-darwin",
        "rev": "bb3baef6e115ae47bc2ab4973bd3a486488485b0",
        "type": "github"
      },
      "original": {
        "owner": "LnL7",
        "ref": "master",
        "repo": "nix-darwin",
        "type": "github"
      }
    },
    "darwin-stable": {
      "locked": {
        "lastModified": 1645296114,
        "narHash": "sha256-y53N7TyIkXsjMpOG7RhvqJFGDacLs9HlyHeSTBioqYU=",
        "owner": "NixOS",
        "repo": "nixpkgs",
        "rev": "530a53dcbc9437363471167a5e4762c5fcfa34a1",
        "type": "github"
      },
      "original": {
        "owner": "NixOS",
        "ref": "nixpkgs-21.05-darwin",
        "repo": "nixpkgs",
        "type": "github"
      }
    },
    "home-manager": {
      "inputs": {
        "nixpkgs": [
          "nixpkgs"
        ]
      },
      "locked": {
        "lastModified": 1646616315,
        "narHash": "sha256-A1g4AjM/4kVWBzfCx9HqCszVFlcsk+C9NHG3X6hRjaI=",
        "owner": "nix-community",
        "repo": "home-manager",
        "rev": "454abeb5a891b2b56f10a30f2a846e8341cbfe9b",
        "type": "github"
      },
      "original": {
        "owner": "nix-community",
        "ref": "release-21.05",
        "repo": "home-manager",
        "type": "github"
      }
    },
    "nixos-stable": {
      "locked": {
        "lastModified": 1645296114,
        "narHash": "sha256-y53N7TyIkXsjMpOG7RhvqJFGDacLs9HlyHeSTBioqYU=",
        "owner": "NixOS",
        "repo": "nixpkgs",
        "rev": "530a53dcbc9437363471167a5e4762c5fcfa34a1",
        "type": "github"
      },
      "original": {
        "owner": "NixOS",
        "ref": "nixos-21.05",
        "repo": "nixpkgs",
        "type": "github"
      }
    },
    "nixpkgs": {
      "locked": {
        "lastModified": 1651007983,
        "narHash": "sha256-GNay7yDPtLcRcKCNHldug85AhAvBpTtPEJWSSDYBw8U=",
        "owner": "NixOS",
        "repo": "nixpkgs",
        "rev": "e10da1c7f542515b609f8dfbcf788f3d85b14936",
        "type": "github"
      },
      "original": {
        "owner": "NixOS",
        "ref": "nixos-unstable",
        "repo": "nixpkgs",
        "type": "github"
      }
    },
    "root": {
      "inputs": {
        "darwin": "darwin",
        "darwin-stable": "darwin-stable",
        "home-manager": "home-manager",
        "nixos-stable": "nixos-stable",
        "nixpkgs": "nixpkgs"
      }
    }
  },
  "root": "root",
  "version": 7
}
